{
  "name": "resume-kit",
  "version": "1.0.0",
  "lockfileVersion": 1,
  "requires": true,
  "dependencies": {
    "clorox": {
      "version": "1.0.3",
      "resolved": "http://registry.npm.taobao.org/clorox/download/clorox-1.0.3.tgz",
      "integrity": "sha1-b6Y2U/KAwz1p9Uj7FNI53c+hWQ0="
    },
    "prompts": {
      "version": "0.1.8",
      "resolved": "http://registry.npm.taobao.org/prompts/download/prompts-0.1.8.tgz",
      "integrity": "sha1-bEPsH4gSR50C0njlNtuRP2aUOBw=",
      "requires": {
        "clorox": "1.0.3",
        "sisteransi": "0.1.0"
      }
    },
    "sisteransi": {
      "version": "0.1.0",
      "resolved": "http://registry.npm.taobao.org/sisteransi/download/sisteransi-0.1.0.tgz",
      "integrity": "sha1-LmcGrEJwGbhOYPdR1YjYeSBITyU="
    }
  }
}
